
Microsoft Visual Studio Solution File, Format Version 12.00
# Visual Studio Version 17
VisualStudioVersion = 17.3.32901.215
MinimumVisualStudioVersion = 10.0.40219.1
Project("{FAE04EC0-301F-11D3-BF4B-00C04F79EFBC}") = "if-örnek-radio-btn-dörtişlem", "if-örnek-radio-btn-dörtişlem\if-örnek-radio-btn-dörtişlem.csproj", "{FC8CC814-FA34-40E9-9457-885C49D391E6}"
EndProject
Global
	GlobalSection(SolutionConfigurationPlatforms) = preSolution
		Debug|Any CPU = Debug|Any CPU
		Release|Any CPU = Release|Any CPU
	EndGlobalSection
	GlobalSection(ProjectConfigurationPlatforms) = postSolution
		{FC8CC814-FA34-40E9-9457-885C49D391E6}.Debug|Any CPU.ActiveCfg = Debug|Any CPU
		{FC8CC814-FA34-40E9-9457-885C49D391E6}.Debug|Any CPU.Build.0 = Debug|Any CPU
		{FC8CC814-FA34-40E9-9457-885C49D391E6}.Release|Any CPU.ActiveCfg = Release|Any CPU
		{FC8CC814-FA34-40E9-9457-885C49D391E6}.Release|Any CPU.Build.0 = Release|Any CPU
	EndGlobalSection
	GlobalSection(SolutionProperties) = preSolution
		HideSolutionNode = FALSE
	EndGlobalSection
	GlobalSection(ExtensibilityGlobals) = postSolution
		SolutionGuid = {24AE2225-41D7-4D9C-A949-6755BB705D14}
	EndGlobalSection
EndGlobal
